PODS:
  - Flutter (1.0.0)
  - lsnetchatplugin (0.0.1):
    - Flutter
    - NIMSDK
  - NIMSDK (7.4.0)

DEPENDENCIES:
  - Flutter (from `Flutter`)
  - lsnetchatplugin (from `.symlinks/plugins/lsnetchatplugin/ios`)

SPEC REPOS:
  trunk:
    - NIMSDK

EXTERNAL SOURCES:
  Flutter:
    :path: Flutter
  lsnetchatplugin:
    :path: ".symlinks/plugins/lsnetchatplugin/ios"

SPEC CHECKSUMS:
  Flutter: 0e3d915762c693b495b44d77113d4970485de6ec
  lsnetchatplugin: d8fe0dad3afbf7be86f4fdc4d4d61cd37c7686bf
  NIMSDK: 8759a66276dbeb633a62833d96ea57bdb046f611

PODFILE CHECKSUM: 1b66dae606f75376c5f2135a8290850eeb09ae83

COCOAPODS: 1.9.1
